
Microsoft Visual Studio Solution File, Format Version 12.00
# Visual Studio 15
VisualStudioVersion = 15.0.27004.2010
MinimumVisualStudioVersion = 10.0.40219.1
Project("{FAE04EC0-301F-11D3-BF4B-00C04F79EFBC}") = "punyreferences", "punyreferences\punyreferences.csproj", "{9A3638C4-58F2-4252-818E-D9A9A011F76E}"
EndProject
Global
	GlobalSection(SolutionConfigurationPlatforms) = preSolution
		Debug|Any CPU = Debug|Any CPU
		Release|Any CPU = Release|Any CPU
	EndGlobalSection
	GlobalSection(ProjectConfigurationPlatforms) = postSolution
		{9A3638C4-58F2-4252-818E-D9A9A011F76E}.Debug|Any CPU.ActiveCfg = Debug|Any CPU
		{9A3638C4-58F2-4252-818E-D9A9A011F76E}.Debug|Any CPU.Build.0 = Debug|Any CPU
		{9A3638C4-58F2-4252-818E-D9A9A011F76E}.Release|Any CPU.ActiveCfg = Release|Any CPU
		{9A3638C4-58F2-4252-818E-D9A9A011F76E}.Release|Any CPU.Build.0 = Release|Any CPU
	EndGlobalSection
	GlobalSection(SolutionProperties) = preSolution
		HideSolutionNode = FALSE
	EndGlobalSection
	GlobalSection(ExtensibilityGlobals) = postSolution
		SolutionGuid = {54807412-45CF-470E-81B1-1B1117986129}
	EndGlobalSection
EndGlobal
